// !$*UTF8*$!
{
	archiveVersion = 1;
	classes = {
	};
	objectVersion = 46;
	objects = {

/* Begin PBXBuildFile section */
		6C3DEC351AF1B21F002E5BDE /* main.m in Sources */ = {isa = PBXBuildFile; fileRef = 6C3DEC341AF1B21F002E5BDE /* main.m */; };
		6C3DEC381AF1B21F002E5BDE /* AppDelegate.m in Sources */ = {isa = PBXBuildFile; fileRef = 6C3DEC371AF1B21F002E5BDE /* AppDelegate.m */; };
		6C3DEC3B1AF1B21F002E5BDE /* ViewController.m in Sources */ = {isa = PBXBuildFile; fileRef = 6C3DEC3A1AF1B21F002E5BDE /* ViewController.m */; };
		6C3DEC3E1AF1B21F002E5BDE /* Main.storyboard in Resources */ = {isa = PBXBuildFile; fileRef = 6C3DEC3C1AF1B21F002E5BDE /* Main.storyboard */; };
		6C3DEC401AF1B21F002E5BDE /* Images.xcassets in Resources */ = {isa = PBXBuildFile; fileRef = 6C3DEC3F1AF1B21F002E5BDE /* Images.xcassets */; };
		6C3DEC431AF1B21F002E5BDE /* LaunchScreen.xib in Resources */ = {isa = PBXBuildFile; fileRef = 6C3DEC411AF1B21F002E5BDE /* LaunchScreen.xib */; };
		6C3DEC4F1AF1B21F002E5BDE /* MyFirstProjectTests.m in Sources */ = {isa = PBXBuildFile; fileRef = 6C3DEC4E1AF1B21F002E5BDE /* MyFirstProjectTests.m */; };
		6C3DEC5B1AF1B26A002E5BDE /* MixiSampleViewController.m in Sources */ = {isa = PBXBuildFile; fileRef = 6C3DEC591AF1B26A002E5BDE /* MixiSampleViewController.m */; };
		6C3DEC5C1AF1B26A002E5BDE /* MixiSampleViewController.xib in Resources */ = {isa = PBXBuildFile; fileRef = 6C3DEC5A1AF1B26A002E5BDE /* MixiSampleViewController.xib */; };
		6C9C66861AF1C07C00E70F4C /* MixiSampleViewController2.m in Sources */ = {isa = PBXBuildFile; fileRef = 6C9C66851AF1C07C00E70F4C /* MixiSampleViewController2.m */; };
/* End PBXBuildFile section */

/* Begin PBXContainerItemProxy section */
		6C3DEC491AF1B21F002E5BDE /* PBXContainerItemProxy */ = {
			isa = PBXContainerItemProxy;
			containerPortal = 6C3DEC271AF1B21F002E5BDE /* Project object */;
			proxyType = 1;
			remoteGlobalIDString = 6C3DEC2E1AF1B21F002E5BDE;
			remoteInfo = MyFirstProject;
		};
/* End PBXContainerItemProxy section */

/* Begin PBXFileReference section */
		6C3DEC2F1AF1B21F002E5BDE /* MyFirstProject.app */ = {isa = PBXFileReference; explicitFileType = wrapper.application; includeInIndex = 0; path = MyFirstProject.app; sourceTree = BUILT_PRODUCTS_DIR; };
		6C3DEC331AF1B21F002E5BDE /* Info.plist */ = {isa = PBXFileReference; lastKnownFileType = text.plist.xml; path = Info.plist; sourceTree = "<group>"; };
		6C3DEC341AF1B21F002E5BDE /* main.m */ = {isa = PBXFileReference; lastKnownFileType = sourcecode.c.objc; path = main.m; sourceTree = "<group>"; };
		6C3DEC361AF1B21F002E5BDE /* AppDelegate.h */ = {isa = PBXFileReference; lastKnownFileType = sourcecode.c.h; path = AppDelegate.h; sourceTree = "<group>"; };
		6C3DEC371AF1B21F002E5BDE /* AppDelegate.m */ = {isa = PBXFileReference; lastKnownFileType = sourcecode.c.objc; path = AppDelegate.m; sourceTree = "<group>"; };
		6C3DEC391AF1B21F002E5BDE /* ViewController.h */ = {isa = PBXFileReference; lastKnownFileType = sourcecode.c.h; path = ViewController.h; sourceTree = "<group>"; };
		6C3DEC3A1AF1B21F002E5BDE /* ViewController.m */ = {isa = PBXFileReference; lastKnownFileType = sourcecode.c.objc; path = ViewController.m; sourceTree = "<group>"; };
		6C3DEC3D1AF1B21F002E5BDE /* Base */ = {isa = PBXFileReference; lastKnownFileType = file.storyboard; name = Base; path = Base.lproj/Main.storyboard; sourceTree = "<group>"; };
		6C3DEC3F1AF1B21F002E5BDE /* Images.xcassets */ = {isa = PBXFileReference; lastKnownFileType = folder.assetcatalog; path = Images.xcassets; sourceTree = "<group>"; };
		6C3DEC421AF1B21F002E5BDE /* Base */ = {isa = PBXFileReference; lastKnownFileType = file.xib; name = Base; path = Base.lproj/LaunchScreen.xib; sourceTree = "<group>"; };
		6C3DEC481AF1B21F002E5BDE /* MyFirstProjectTests.xctest */ = {isa = PBXFileReference; explicitFileType = wrapper.cfbundle; includeInIndex = 0; path = MyFirstProjectTests.xctest; sourceTree = BUILT_PRODUCTS_DIR; };
		6C3DEC4D1AF1B21F002E5BDE /* Info.plist */ = {isa = PBXFileReference; lastKnownFileType = text.plist.xml; path = Info.plist; sourceTree = "<group>"; };
		6C3DEC4E1AF1B21F002E5BDE /* MyFirstProjectTests.m */ = {isa = PBXFileReference; lastKnownFileType = sourcecode.c.objc; path = MyFirstProjectTests.m; sourceTree = "<group>"; };
		6C3DEC581AF1B26A002E5BDE /* MixiSampleViewController.h */ = {isa = PBXFileReference; fileEncoding = 4; lastKnownFileType = sourcecode.c.h; name = MixiSampleViewController.h; path = ../MixiSampleViewController.h; sourceTree = "<group>"; };
		6C3DEC591AF1B26A002E5BDE /* MixiSampleViewController.m */ = {isa = PBXFileReference; fileEncoding = 4; lastKnownFileType = sourcecode.c.objc; name = MixiSampleViewController.m; path = ../MixiSampleViewController.m; sourceTree = "<group>"; };
		6C3DEC5A1AF1B26A002E5BDE /* MixiSampleViewController.xib */ = {isa = PBXFileReference; fileEncoding = 4; lastKnownFileType = file.xib; name = MixiSampleViewController.xib; path = ../MixiSampleViewController.xib; sourceTree = "<group>"; };
		6C9C66841AF1C07C00E70F4C /* MixiSampleViewController2.h */ = {isa = PBXFileReference; fileEncoding = 4; lastKnownFileType = sourcecode.c.h; path = MixiSampleViewController2.h; sourceTree = "<group>"; };
		6C9C66851AF1C07C00E70F4C /* MixiSampleViewController2.m */ = {isa = PBXFileReference; fileEncoding = 4; lastKnownFileType = sourcecode.c.objc; path = MixiSampleViewController2.m; sourceTree = "<group>"; };
/* End PBXFileReference section */

/* Begin PBXFrameworksBuildPhase section */
		6C3DEC2C1AF1B21F002E5BDE /* Frameworks */ = {
			isa = PBXFrameworksBuildPhase;
			buildActionMask = 2147483647;
			files = (
			);
			runOnlyForDeploymentPostprocessing = 0;
		};
		6C3DEC451AF1B21F002E5BDE /* Frameworks */ = {
			isa = PBXFrameworksBuildPhase;
			buildActionMask = 2147483647;
			files = (
			);
			runOnlyForDeploymentPostprocessing = 0;
		};
/* End PBXFrameworksBuildPhase section */

/* Begin PBXGroup section */
		6C3DEC261AF1B21F002E5BDE = {
			isa = PBXGroup;
			children = (
				6C3DEC311AF1B21F002E5BDE /* MyFirstProject */,
				6C3DEC4B1AF1B21F002E5BDE /* MyFirstProjectTests */,
				6C3DEC301AF1B21F002E5BDE /* Products */,
			);
			sourceTree = "<group>";
		};
		6C3DEC301AF1B21F002E5BDE /* Products */ = {
			isa = PBXGroup;
			children = (
				6C3DEC2F1AF1B21F002E5BDE /* MyFirstProject.app */,
				6C3DEC481AF1B21F002E5BDE /* MyFirstProjectTests.xctest */,
			);
			name = Products;
			sourceTree = "<group>";
		};
		6C3DEC311AF1B21F002E5BDE /* MyFirstProject */ = {
			isa = PBXGroup;
			children = (
				6C3DEC361AF1B21F002E5BDE /* AppDelegate.h */,
				6C3DEC371AF1B21F002E5BDE /* AppDelegate.m */,
				6C3DEC391AF1B21F002E5BDE /* ViewController.h */,
				6C3DEC3A1AF1B21F002E5BDE /* ViewController.m */,
				6C3DEC581AF1B26A002E5BDE /* MixiSampleViewController.h */,
				6C3DEC591AF1B26A002E5BDE /* MixiSampleViewController.m */,
				6C3DEC5A1AF1B26A002E5BDE /* MixiSampleViewController.xib */,
				6C9C66841AF1C07C00E70F4C /* MixiSampleViewController2.h */,
				6C9C66851AF1C07C00E70F4C /* MixiSampleViewController2.m */,
				6C3DEC3C1AF1B21F002E5BDE /* Main.storyboard */,
				6C3DEC3F1AF1B21F002E5BDE /* Images.xcassets */,
				6C3DEC411AF1B21F002E5BDE /* LaunchScreen.xib */,
				6C3DEC321AF1B21F002E5BDE /* Supporting Files */,
			);
			path = MyFirstProject;
			sourceTree = "<group>";
		};
		6C3DEC321AF1B21F002E5BDE /* Supporting Files */ = {
			isa = PBXGroup;
			children = (
				6C3DEC331AF1B21F002E5BDE /* Info.plist */,
				6C3DEC341AF1B21F002E5BDE /* main.m */,
			);
			name = "Supporting Files";
			sourceTree = "<group>";
		};
		6C3DEC4B1AF1B21F002E5BDE /* MyFirstProjectTests */ = {
			isa = PBXGroup;
			children = (
				6C3DEC4E1AF1B21F002E5BDE /* MyFirstProjectTests.m */,
				6C3DEC4C1AF1B21F002E5BDE /* Supporting Files */,
			);
			path = MyFirstProjectTests;
			sourceTree = "<group>";
		};
		6C3DEC4C1AF1B21F002E5BDE /* Supporting Files */ = {
			isa = PBXGroup;
			children = (
				6C3DEC4D1AF1B21F002E5BDE /* Info.plist */,
			);
			name = "Supporting Files";
			sourceTree = "<group>";
		};
/* End PBXGroup section */

/* Begin PBXNativeTarget section */
		6C3DEC2E1AF1B21F002E5BDE /* MyFirstProject */ = {
			isa = PBXNativeTarget;
			buildConfigurationList = 6C3DEC521AF1B21F002E5BDE /* Build configuration list for PBXNativeTarget "MyFirstProject" */;
			buildPhases = (
				6C3DEC2B1AF1B21F002E5BDE /* Sources */,
				6C3DEC2C1AF1B21F002E5BDE /* Frameworks */,
				6C3DEC2D1AF1B21F002E5BDE /* Resources */,
			);
			buildRules = (
			);
			dependencies = (
			);
			name = MyFirstProject;
			productName = MyFirstProject;
			productReference = 6C3DEC2F1AF1B21F002E5BDE /* MyFirstProject.app */;
			productType = "com.apple.product-type.application";
		};
		6C3DEC471AF1B21F002E5BDE /* MyFirstProjectTests */ = {
			isa = PBXNativeTarget;
			buildConfigurationList = 6C3DEC551AF1B21F002E5BDE /* Build configuration list for PBXNativeTarget "MyFirstProjectTests" */;
			buildPhases = (
				6C3DEC441AF1B21F002E5BDE /* Sources */,
				6C3DEC451AF1B21F002E5BDE /* Frameworks */,
				6C3DEC461AF1B21F002E5BDE /* Resources */,
			);
			buildRules = (
			);
			dependencies = (
				6C3DEC4A1AF1B21F002E5BDE /* PBXTargetDependency */,
			);
			name = MyFirstProjectTests;
			productName = MyFirstProjectTests;
			productReference = 6C3DEC481AF1B21F002E5BDE /* MyFirstProjectTests.xctest */;
			productType = "com.apple.product-type.bundle.unit-test";
		};
/* End PBXNativeTarget section */

/* Begin PBXProject section */
		6C3DEC271AF1B21F002E5BDE /* Project object */ = {
			isa = PBXProject;
			attributes = {
				LastUpgradeCheck = 0630;
				ORGANIZATIONNAME = "Tomoya Miwa";
				TargetAttributes = {
					6C3DEC2E1AF1B21F002E5BDE = {
						CreatedOnToolsVersion = 6.3.1;
					};
					6C3DEC471AF1B21F002E5BDE = {
						CreatedOnToolsVersion = 6.3.1;
						TestTargetID = 6C3DEC2E1AF1B21F002E5BDE;
					};
				};
			};
			buildConfigurationList = 6C3DEC2A1AF1B21F002E5BDE /* Build configuration list for PBXProject "MyFirstProject" */;
			compatibilityVersion = "Xcode 3.2";
			developmentRegion = English;
			hasScannedForEncodings = 0;
			knownRegions = (
				en,
				Base,
			);
			mainGroup = 6C3DEC261AF1B21F002E5BDE;
			productRefGroup = 6C3DEC301AF1B21F002E5BDE /* Products */;
			projectDirPath = "";
			projectRoot = "";
			targets = (
				6C3DEC2E1AF1B21F002E5BDE /* MyFirstProject */,
				6C3DEC471AF1B21F002E5BDE /* MyFirstProjectTests */,
			);
		};
/* End PBXProject section */

/* Begin PBXResourcesBuildPhase section */
		6C3DEC2D1AF1B21F002E5BDE /* Resources */ = {
			isa = PBXResourcesBuildPhase;
			buildActionMask = 2147483647;
			files = (
				6C3DEC3E1AF1B21F002E5BDE /* Main.storyboard in Resources */,
				6C3DEC5C1AF1B26A002E5BDE /* MixiSampleViewController.xib in Resources */,
				6C3DEC431AF1B21F002E5BDE /* LaunchScreen.xib in Resources */,
				6C3DEC401AF1B21F002E5BDE /* Images.xcassets in Resources */,
			);
			runOnlyForDeploymentPostprocessing = 0;
		};
		6C3DEC461AF1B21F002E5BDE /* Resources */ = {
			isa = PBXResourcesBuildPhase;
			buildActionMask = 2147483647;
			files = (
			);
			runOnlyForDeploymentPostprocessing = 0;
		};
/* End PBXResourcesBuildPhase section */

/* Begin PBXSourcesBuildPhase section */
		6C3DEC2B1AF1B21F002E5BDE /* Sources */ = {
			isa = PBXSourcesBuildPhase;
			buildActionMask = 2147483647;
			files = (
				6C3DEC3B1AF1B21F002E5BDE /* ViewController.m in Sources */,
				6C3DEC5B1AF1B26A002E5BDE /* MixiSampleViewController.m in Sources */,
				6C3DEC381AF1B21F002E5BDE /* AppDelegate.m in Sources */,
				6C9C66861AF1C07C00E70F4C /* MixiSampleViewController2.m in Sources */,
				6C3DEC351AF1B21F002E5BDE /* main.m in Sources */,
			);
			runOnlyForDeploymentPostprocessing = 0;
		};
		6C3DEC441AF1B21F002E5BDE /* Sources */ = {
			isa = PBXSourcesBuildPhase;
			buildActionMask = 2147483647;
			files = (
				6C3DEC4F1AF1B21F002E5BDE /* MyFirstProjectTests.m in Sources */,
			);
			runOnlyForDeploymentPostprocessing = 0;
		};
/* End PBXSourcesBuildPhase section */

/* Begin PBXTargetDependency section */
		6C3DEC4A1AF1B21F002E5BDE /* PBXTargetDependency */ = {
			isa = PBXTargetDependency;
			target = 6C3DEC2E1AF1B21F002E5BDE /* MyFirstProject */;
			targetProxy = 6C3DEC491AF1B21F002E5BDE /* PBXContainerItemProxy */;
		};
/* End PBXTargetDependency section */

/* Begin PBXVariantGroup section */
		6C3DEC3C1AF1B21F002E5BDE /* Main.storyboard */ = {
			isa = PBXVariantGroup;
			children = (
				6C3DEC3D1AF1B21F002E5BDE /* Base */,
			);
			name = Main.storyboard;
			sourceTree = "<group>";
		};
		6C3DEC411AF1B21F002E5BDE /* LaunchScreen.xib */ = {
			isa = PBXVariantGroup;
			children = (
				6C3DEC421AF1B21F002E5BDE /* Base */,
			);
			name = LaunchScreen.xib;
			sourceTree = "<group>";
		};
/* End PBXVariantGroup section */

/* Begin XCBuildConfiguration section */
		6C3DEC501AF1B21F002E5BDE /* Debug */ = {
			isa = XCBuildConfiguration;
			buildSettings = {
				ALWAYS_SEARCH_USER_PATHS = NO;
				CLANG_CXX_LANGUAGE_STANDARD = "gnu++0x";
				CLANG_CXX_LIBRARY = "libc++";
				CLANG_ENABLE_MODULES = YES;
				CLANG_ENABLE_OBJC_ARC = YES;
				CLANG_WARN_BOOL_CONVERSION = YES;
				CLANG_WARN_CONSTANT_CONVERSION = YES;
				CLANG_WARN_DIRECT_OBJC_ISA_USAGE = YES_ERROR;
				CLANG_WARN_EMPTY_BODY = YES;
				CLANG_WARN_ENUM_CONVERSION = YES;
				CLANG_WARN_INT_CONVERSION = YES;
				CLANG_WARN_OBJC_ROOT_CLASS = YES_ERROR;
				CLANG_WARN_UNREACHABLE_CODE = YES;
				CLANG_WARN__DUPLICATE_METHOD_MATCH = YES;
				"CODE_SIGN_IDENTITY[sdk=iphoneos*]" = "iPhone Developer";
				COPY_PHASE_STRIP = NO;
				DEBUG_INFORMATION_FORMAT = "dwarf-with-dsym";
				ENABLE_STRICT_OBJC_MSGSEND = YES;
				GCC_C_LANGUAGE_STANDARD = gnu99;
				GCC_DYNAMIC_NO_PIC = NO;
				GCC_NO_COMMON_BLOCKS = YES;
				GCC_OPTIMIZATION_LEVEL = 0;
				GCC_PREPROCESSOR_DEFINITIONS = (
					"DEBUG=1",
					"$(inherited)",
				);
				GCC_SYMBOLS_PRIVATE_EXTERN = NO;
				GCC_WARN_64_TO_32_BIT_CONVERSION = YES;
				GCC_WARN_ABOUT_RETURN_TYPE = YES_ERROR;
				GCC_WARN_UNDECLARED_SELECTOR = YES;
				GCC_WARN_UNINITIALIZED_AUTOS = YES_AGGRESSIVE;
				GCC_WARN_UNUSED_FUNCTION = YES;
				GCC_WARN_UNUSED_VARIABLE = YES;
				IPHONEOS_DEPLOYMENT_TARGET = 8.3;
				MTL_ENABLE_DEBUG_INFO = YES;
				ONLY_ACTIVE_ARCH = YES;
				SDKROOT = iphoneos;
			};
			name = Debug;
		};
		6C3DEC511AF1B21F002E5BDE /* Release */ = {
			isa = XCBuildConfiguration;
			buildSettings = {
				ALWAYS_SEARCH_USER_PATHS = NO;
				CLANG_CXX_LANGUAGE_STANDARD = "gnu++0x";
				CLANG_CXX_LIBRARY = "libc++";
				CLANG_ENABLE_MODULES = YES;
				CLANG_ENABLE_OBJC_ARC = YES;
				CLANG_WARN_BOOL_CONVERSION = YES;
				CLANG_WARN_CONSTANT_CONVERSION = YES;
				CLANG_WARN_DIRECT_OBJC_ISA_USAGE = YES_ERROR;
				CLANG_WARN_EMPTY_BODY = YES;
				CLANG_WARN_ENUM_CONVERSION = YES;
				CLANG_WARN_INT_CONVERSION = YES;
				CLANG_WARN_OBJC_ROOT_CLASS = YES_ERROR;
				CLANG_WARN_UNREACHABLE_CODE = YES;
				CLANG_WARN__DUPLICATE_METHOD_MATCH = YES;
				"CODE_SIGN_IDENTITY[sdk=iphoneos*]" = "iPhone Developer";
				COPY_PHASE_STRIP = NO;
				DEBUG_INFORMATION_FORMAT = "dwarf-with-dsym";
				ENABLE_NS_ASSERTIONS = NO;
				ENABLE_STRICT_OBJC_MSGSEND = YES;
				GCC_C_LANGUAGE_STANDARD = gnu99;
				GCC_NO_COMMON_BLOCKS = YES;
				GCC_WARN_64_TO_32_BIT_CONVERSION = YES;
				GCC_WARN_ABOUT_RETURN_TYPE = YES_ERROR;
				GCC_WARN_UNDECLARED_SELECTOR = YES;
				GCC_WARN_UNINITIALIZED_AUTOS = YES_AGGRESSIVE;
				GCC_WARN_UNUSED_FUNCTION = YES;
				GCC_WARN_UNUSED_VARIABLE = YES;
				IPHONEOS_DEPLOYMENT_TARGET = 8.3;
				MTL_ENABLE_DEBUG_INFO = NO;
				SDKROOT = iphoneos;
				VALIDATE_PRODUCT = YES;
			};
			name = Release;
		};
		6C3DEC531AF1B21F002E5BDE /* Debug */ = {
			isa = XCBuildConfiguration;
			buildSettings = {
				ASSETCATALOG_COMPILER_APPICON_NAME = AppIcon;
				INFOPLIST_FILE = MyFirstProject/Info.plist;
				LD_RUNPATH_SEARCH_PATHS = "$(inherited) @executable_path/Frameworks";
				PRODUCT_NAME = "$(TARGET_NAME)";
			};
			name = Debug;
		};
		6C3DEC541AF1B21F002E5BDE /* Release */ = {
			isa = XCBuildConfiguration;
			buildSettings = {
				ASSETCATALOG_COMPILER_APPICON_NAME = AppIcon;
				INFOPLIST_FILE = MyFirstProject/Info.plist;
				LD_RUNPATH_SEARCH_PATHS = "$(inherited) @executable_path/Frameworks";
				PRODUCT_NAME = "$(TARGET_NAME)";
			};
			name = Release;
		};
		6C3DEC561AF1B21F002E5BDE /* Debug */ = {
			isa = XCBuildConfiguration;
			buildSettings = {
				BUNDLE_LOADER = "$(TEST_HOST)";
				FRAMEWORK_SEARCH_PATHS = (
					"$(SDKROOT)/Developer/Library/Frameworks",
					"$(inherited)",
				);
				GCC_PREPROCESSOR_DEFINITIONS = (
					"DEBUG=1",
					"$(inherited)",
				);
				INFOPLIST_FILE = MyFirstProjectTests/Info.plist;
				LD_RUNPATH_SEARCH_PATHS = "$(inherited) @executable_path/Frameworks @loader_path/Frameworks";
				PRODUCT_NAME = "$(TARGET_NAME)";
				TEST_HOST = "$(BUILT_PRODUCTS_DIR)/MyFirstProject.app/MyFirstProject";
			};
			name = Debug;
		};
		6C3DEC571AF1B21F002E5BDE /* Release */ = {
			isa = XCBuildConfiguration;
			buildSettings = {
				BUNDLE_LOADER = "$(TEST_HOST)";
				FRAMEWORK_SEARCH_PATHS = (
					"$(SDKROOT)/Developer/Library/Frameworks",
					"$(inherited)",
				);
				INFOPLIST_FILE = MyFirstProjectTests/Info.plist;
				LD_RUNPATH_SEARCH_PATHS = "$(inherited) @executable_path/Frameworks @loader_path/Frameworks";
				PRODUCT_NAME = "$(TARGET_NAME)";
				TEST_HOST = "$(BUILT_PRODUCTS_DIR)/MyFirstProject.app/MyFirstProject";
			};
			name = Release;
		};
/* End XCBuildConfiguration section */

/* Begin XCConfigurationList section */
		6C3DEC2A1AF1B21F002E5BDE /* Build configuration list for PBXProject "MyFirstProject" */ = {
			isa = XCConfigurationList;
			buildConfigurations = (
				6C3DEC501AF1B21F002E5BDE /* Debug */,
				6C3DEC511AF1B21F002E5BDE /* Release */,
			);
			defaultConfigurationIsVisible = 0;
			defaultConfigurationName = Release;
		};
		6C3DEC521AF1B21F002E5BDE /* Build configuration list for PBXNativeTarget "MyFirstProject" */ = {
			isa = XCConfigurationList;
			buildConfigurations = (
				6C3DEC531AF1B21F002E5BDE /* Debug */,
				6C3DEC541AF1B21F002E5BDE /* Release */,
			);
			defaultConfigurationIsVisible = 0;
			defaultConfigurationName = Release;
		};
		6C3DEC551AF1B21F002E5BDE /* Build configuration list for PBXNativeTarget "MyFirstProjectTests" */ = {
			isa = XCConfigurationList;
			buildConfigurations = (
				6C3DEC561AF1B21F002E5BDE /* Debug */,
				6C3DEC571AF1B21F002E5BDE /* Release */,
			);
			defaultConfigurationIsVisible = 0;
			defaultConfigurationName = Release;
		};
/* End XCConfigurationList section */
	};
	rootObject = 6C3DEC271AF1B21F002E5BDE /* Project object */;
}
